// !$*UTF8*$!
{
	archiveVersion = 1;
	classes = {
	};
	objectVersion = 50;
	objects = {

/* Begin PBXBuildFile section */
		0A8880B347D3C7F1A2E0D43B /* Pods_Notette.framework in Frameworks */ = {isa = PBXBuildFile; fileRef = 46D118EFC2F10CC6B974A9E7 /* Pods_Notette.framework */; };
		1A0096DCFCAECBFFB5BA7A29 /* Pods_NotetteUITests.framework in Frameworks */ = {isa = PBXBuildFile; fileRef = F7B342DBC6D7CBEC2EA0E2B5 /* Pods_NotetteUITests.framework */; };
		3634F403210DF9B00051B7BA /* MainInterface_ViewController.swift in Sources */ = {isa = PBXBuildFile; fileRef = 3634F402210DF9B00051B7BA /* MainInterface_ViewController.swift */; };
		3634F405210DF9BC0051B7BA /* MainInterface_ViewModel.swift in Sources */ = {isa = PBXBuildFile; fileRef = 3634F404210DF9BC0051B7BA /* MainInterface_ViewModel.swift */; };
		3634F40A210DFA3E0051B7BA /* MainInterface_Actions.swift in Sources */ = {isa = PBXBuildFile; fileRef = 3634F409210DFA3E0051B7BA /* MainInterface_Actions.swift */; };
		3634F40C210DFA4B0051B7BA /* MainInterface_Reducer.swift in Sources */ = {isa = PBXBuildFile; fileRef = 3634F40B210DFA4B0051B7BA /* MainInterface_Reducer.swift */; };
		3634F416210F4D7B0051B7BA /* KeySelector.swift in Sources */ = {isa = PBXBuildFile; fileRef = 3634F415210F4D7B0051B7BA /* KeySelector.swift */; };
		3634F419210F4EAD0051B7BA /* CameraView.swift in Sources */ = {isa = PBXBuildFile; fileRef = 3634F418210F4EAD0051B7BA /* CameraView.swift */; };
		3634F41B210F4EB80051B7BA /* Keyboard.swift in Sources */ = {isa = PBXBuildFile; fileRef = 3634F41A210F4EB80051B7BA /* Keyboard.swift */; };
		3634F41D210F4EC30051B7BA /* Palette.swift in Sources */ = {isa = PBXBuildFile; fileRef = 3634F41C210F4EC30051B7BA /* Palette.swift */; };
		3634F420210F4EE00051B7BA /* PaletteCell.swift in Sources */ = {isa = PBXBuildFile; fileRef = 3634F41F210F4EE00051B7BA /* PaletteCell.swift */; };
		3634F423210F50470051B7BA /* TopControls.swift in Sources */ = {isa = PBXBuildFile; fileRef = 3634F422210F50470051B7BA /* TopControls.swift */; };
		36D31353210D59E500B048DD /* AppDelegate.swift in Sources */ = {isa = PBXBuildFile; fileRef = 36D31352210D59E500B048DD /* AppDelegate.swift */; };
		36D31355210D59E500B048DD /* ViewController.swift in Sources */ = {isa = PBXBuildFile; fileRef = 36D31354210D59E500B048DD /* ViewController.swift */; };
		36D31358210D59E500B048DD /* Main.storyboard in Resources */ = {isa = PBXBuildFile; fileRef = 36D31356210D59E500B048DD /* Main.storyboard */; };
		36D3135A210D59E700B048DD /* Assets.xcassets in Resources */ = {isa = PBXBuildFile; fileRef = 36D31359210D59E700B048DD /* Assets.xcassets */; };
		36D3135D210D59E700B048DD /* LaunchScreen.storyboard in Resources */ = {isa = PBXBuildFile; fileRef = 36D3135B210D59E700B048DD /* LaunchScreen.storyboard */; };
		36D31368210D59E700B048DD /* NotetteTests.swift in Sources */ = {isa = PBXBuildFile; fileRef = 36D31367210D59E700B048DD /* NotetteTests.swift */; };
		36D31373210D59E700B048DD /* NotetteUITests.swift in Sources */ = {isa = PBXBuildFile; fileRef = 36D31372210D59E700B048DD /* NotetteUITests.swift */; };
		36D31385210D5DD200B048DD /* AppState.swift in Sources */ = {isa = PBXBuildFile; fileRef = 36D31384210D5DD200B048DD /* AppState.swift */; };
		49AB06ECB458DCE6D702CD65 /* Pods_NotetteTests.framework in Frameworks */ = {isa = PBXBuildFile; fileRef = 0EA9716DED40332BDD60A7FF /* Pods_NotetteTests.framework */; };
/* End PBXBuildFile section */

/* Begin PBXContainerItemProxy section */
		36D31364210D59E700B048DD /* PBXContainerItemProxy */ = {
			isa = PBXContainerItemProxy;
			containerPortal = 36D31347210D59E500B048DD /* Project object */;
			proxyType = 1;
			remoteGlobalIDString = 36D3134E210D59E500B048DD;
			remoteInfo = Notette;
		};
		36D3136F210D59E700B048DD /* PBXContainerItemProxy */ = {
			isa = PBXContainerItemProxy;
			containerPortal = 36D31347210D59E500B048DD /* Project object */;
			proxyType = 1;
			remoteGlobalIDString = 36D3134E210D59E500B048DD;
			remoteInfo = Notette;
		};
/* End PBXContainerItemProxy section */

/* Begin PBXFileReference section */
		0EA9716DED40332BDD60A7FF /* Pods_NotetteTests.framework */ = {isa = PBXFileReference; explicitFileType = wrapper.framework; includeInIndex = 0; path = Pods_NotetteTests.framework; sourceTree = BUILT_PRODUCTS_DIR; };
		19A7A36EABEF25C711A25054 /* Pods-Notette.debug.xcconfig */ = {isa = PBXFileReference; includeInIndex = 1; lastKnownFileType = text.xcconfig; name = "Pods-Notette.debug.xcconfig"; path = "Pods/Target Support Files/Pods-Notette/Pods-Notette.debug.xcconfig"; sourceTree = "<group>"; };
		2D69A4BC8E4380CA349BA6D7 /* Pods-NotetteUITests.release.xcconfig */ = {isa = PBXFileReference; includeInIndex = 1; lastKnownFileType = text.xcconfig; name = "Pods-NotetteUITests.release.xcconfig"; path = "Pods/Target Support Files/Pods-NotetteUITests/Pods-NotetteUITests.release.xcconfig"; sourceTree = "<group>"; };
		3634F402210DF9B00051B7BA /* MainInterface_ViewController.swift */ = {isa = PBXFileReference; lastKnownFileType = sourcecode.swift; path = MainInterface_ViewController.swift; sourceTree = "<group>"; };
		3634F404210DF9BC0051B7BA /* MainInterface_ViewModel.swift */ = {isa = PBXFileReference; lastKnownFileType = sourcecode.swift; path = MainInterface_ViewModel.swift; sourceTree = "<group>"; };
		3634F409210DFA3E0051B7BA /* MainInterface_Actions.swift */ = {isa = PBXFileReference; lastKnownFileType = sourcecode.swift; path = MainInterface_Actions.swift; sourceTree = "<group>"; };
		3634F40B210DFA4B0051B7BA /* MainInterface_Reducer.swift */ = {isa = PBXFileReference; lastKnownFileType = sourcecode.swift; path = MainInterface_Reducer.swift; sourceTree = "<group>"; };
		3634F415210F4D7B0051B7BA /* KeySelector.swift */ = {isa = PBXFileReference; lastKnownFileType = sourcecode.swift; path = KeySelector.swift; sourceTree = "<group>"; };
		3634F417210F4DBC0051B7BA /* Description.md */ = {isa = PBXFileReference; lastKnownFileType = net.daringfireball.markdown; path = Description.md; sourceTree = "<group>"; };
		3634F418210F4EAD0051B7BA /* CameraView.swift */ = {isa = PBXFileReference; lastKnownFileType = sourcecode.swift; path = CameraView.swift; sourceTree = "<group>"; };
		3634F41A210F4EB80051B7BA /* Keyboard.swift */ = {isa = PBXFileReference; lastKnownFileType = sourcecode.swift; path = Keyboard.swift; sourceTree = "<group>"; };
		3634F41C210F4EC30051B7BA /* Palette.swift */ = {isa = PBXFileReference; lastKnownFileType = sourcecode.swift; path = Palette.swift; sourceTree = "<group>"; };
		3634F41F210F4EE00051B7BA /* PaletteCell.swift */ = {isa = PBXFileReference; lastKnownFileType = sourcecode.swift; path = PaletteCell.swift; sourceTree = "<group>"; };
		3634F422210F50470051B7BA /* TopControls.swift */ = {isa = PBXFileReference; lastKnownFileType = sourcecode.swift; path = TopControls.swift; sourceTree = "<group>"; };
		36D3134F210D59E500B048DD /* Notette.app */ = {isa = PBXFileReference; explicitFileType = wrapper.application; includeInIndex = 0; path = Notette.app; sourceTree = BUILT_PRODUCTS_DIR; };
		36D31352210D59E500B048DD /* AppDelegate.swift */ = {isa = PBXFileReference; lastKnownFileType = sourcecode.swift; path = AppDelegate.swift; sourceTree = "<group>"; };
		36D31354210D59E500B048DD /* ViewController.swift */ = {isa = PBXFileReference; lastKnownFileType = sourcecode.swift; path = ViewController.swift; sourceTree = "<group>"; };
		36D31357210D59E500B048DD /* Base */ = {isa = PBXFileReference; lastKnownFileType = file.storyboard; name = Base; path = Base.lproj/Main.storyboard; sourceTree = "<group>"; };
		36D31359210D59E700B048DD /* Assets.xcassets */ = {isa = PBXFileReference; lastKnownFileType = folder.assetcatalog; path = Assets.xcassets; sourceTree = "<group>"; };
		36D3135C210D59E700B048DD /* Base */ = {isa = PBXFileReference; lastKnownFileType = file.storyboard; name = Base; path = Base.lproj/LaunchScreen.storyboard; sourceTree = "<group>"; };
		36D3135E210D59E700B048DD /* Info.plist */ = {isa = PBXFileReference; lastKnownFileType = text.plist.xml; path = Info.plist; sourceTree = "<group>"; };
		36D31363210D59E700B048DD /* NotetteTests.xctest */ = {isa = PBXFileReference; explicitFileType = wrapper.cfbundle; includeInIndex = 0; path = NotetteTests.xctest; sourceTree = BUILT_PRODUCTS_DIR; };
		36D31367210D59E700B048DD /* NotetteTests.swift */ = {isa = PBXFileReference; lastKnownFileType = sourcecode.swift; path = NotetteTests.swift; sourceTree = "<group>"; };
		36D31369210D59E700B048DD /* Info.plist */ = {isa = PBXFileReference; lastKnownFileType = text.plist.xml; path = Info.plist; sourceTree = "<group>"; };
		36D3136E210D59E700B048DD /* NotetteUITests.xctest */ = {isa = PBXFileReference; explicitFileType = wrapper.cfbundle; includeInIndex = 0; path = NotetteUITests.xctest; sourceTree = BUILT_PRODUCTS_DIR; };
		36D31372210D59E700B048DD /* NotetteUITests.swift */ = {isa = PBXFileReference; lastKnownFileType = sourcecode.swift; path = NotetteUITests.swift; sourceTree = "<group>"; };
		36D31374210D59E700B048DD /* Info.plist */ = {isa = PBXFileReference; lastKnownFileType = text.plist.xml; path = Info.plist; sourceTree = "<group>"; };
		36D31384210D5DD200B048DD /* AppState.swift */ = {isa = PBXFileReference; lastKnownFileType = sourcecode.swift; path = AppState.swift; sourceTree = "<group>"; };
		46D118EFC2F10CC6B974A9E7 /* Pods_Notette.framework */ = {isa = PBXFileReference; explicitFileType = wrapper.framework; includeInIndex = 0; path = Pods_Notette.framework; sourceTree = BUILT_PRODUCTS_DIR; };
		769D1E454E042EFD9CB35BBE /* Pods-NotetteTests.release.xcconfig */ = {isa = PBXFileReference; includeInIndex = 1; lastKnownFileType = text.xcconfig; name = "Pods-NotetteTests.release.xcconfig"; path = "Pods/Target Support Files/Pods-NotetteTests/Pods-NotetteTests.release.xcconfig"; sourceTree = "<group>"; };
		914609571C80873D3644E812 /* Pods-NotetteTests.debug.xcconfig */ = {isa = PBXFileReference; includeInIndex = 1; lastKnownFileType = text.xcconfig; name = "Pods-NotetteTests.debug.xcconfig"; path = "Pods/Target Support Files/Pods-NotetteTests/Pods-NotetteTests.debug.xcconfig"; sourceTree = "<group>"; };
		E7445BE661947F2A8DEFBCF4 /* Pods-Notette.release.xcconfig */ = {isa = PBXFileReference; includeInIndex = 1; lastKnownFileType = text.xcconfig; name = "Pods-Notette.release.xcconfig"; path = "Pods/Target Support Files/Pods-Notette/Pods-Notette.release.xcconfig"; sourceTree = "<group>"; };
		F7B342DBC6D7CBEC2EA0E2B5 /* Pods_NotetteUITests.framework */ = {isa = PBXFileReference; explicitFileType = wrapper.framework; includeInIndex = 0; path = Pods_NotetteUITests.framework; sourceTree = BUILT_PRODUCTS_DIR; };
		FD77C19FF1D6EC65EE87DBBD /* Pods-NotetteUITests.debug.xcconfig */ = {isa = PBXFileReference; includeInIndex = 1; lastKnownFileType = text.xcconfig; name = "Pods-NotetteUITests.debug.xcconfig"; path = "Pods/Target Support Files/Pods-NotetteUITests/Pods-NotetteUITests.debug.xcconfig"; sourceTree = "<group>"; };
/* End PBXFileReference section */

/* Begin PBXFrameworksBuildPhase section */
		36D3134C210D59E500B048DD /* Frameworks */ = {
			isa = PBXFrameworksBuildPhase;
			buildActionMask = 2147483647;
			files = (
				0A8880B347D3C7F1A2E0D43B /* Pods_Notette.framework in Frameworks */,
			);
			runOnlyForDeploymentPostprocessing = 0;
		};
		36D31360210D59E700B048DD /* Frameworks */ = {
			isa = PBXFrameworksBuildPhase;
			buildActionMask = 2147483647;
			files = (
				49AB06ECB458DCE6D702CD65 /* Pods_NotetteTests.framework in Frameworks */,
			);
			runOnlyForDeploymentPostprocessing = 0;
		};
		36D3136B210D59E700B048DD /* Frameworks */ = {
			isa = PBXFrameworksBuildPhase;
			buildActionMask = 2147483647;
			files = (
				1A0096DCFCAECBFFB5BA7A29 /* Pods_NotetteUITests.framework in Frameworks */,
			);
			runOnlyForDeploymentPostprocessing = 0;
		};
/* End PBXFrameworksBuildPhase section */

/* Begin PBXGroup section */
		3634F406210DFA120051B7BA /* Views */ = {
			isa = PBXGroup;
			children = (
				3634F402210DF9B00051B7BA /* MainInterface_ViewController.swift */,
				3634F404210DF9BC0051B7BA /* MainInterface_ViewModel.swift */,
			);
			path = Views;
			sourceTree = "<group>";
		};
		3634F407210DFA1B0051B7BA /* Actions */ = {
			isa = PBXGroup;
			children = (
				3634F409210DFA3E0051B7BA /* MainInterface_Actions.swift */,
			);
			path = Actions;
			sourceTree = "<group>";
		};
		3634F408210DFA210051B7BA /* Reducers */ = {
			isa = PBXGroup;
			children = (
				3634F40B210DFA4B0051B7BA /* MainInterface_Reducer.swift */,
			);
			path = Reducers;
			sourceTree = "<group>";
		};
		3634F413210F46460051B7BA /* App */ = {
			isa = PBXGroup;
			children = (
				36D31352210D59E500B048DD /* AppDelegate.swift */,
			);
			path = App;
			sourceTree = "<group>";
		};
		3634F414210F4D460051B7BA /* Components */ = {
			isa = PBXGroup;
			children = (
				3634F417210F4DBC0051B7BA /* Description.md */,
				3634F421210F501B0051B7BA /* Top controls */,
				36D3138A210D5F5900B048DD /* Camera view */,
				36D31389210D5E0600B048DD /* Keyboard */,
			);
			path = Components;
			sourceTree = "<group>";
		};
		3634F421210F501B0051B7BA /* Top controls */ = {
			isa = PBXGroup;
			children = (
				3634F422210F50470051B7BA /* TopControls.swift */,
				3634F424210F50890051B7BA /* Subviews */,
			);
			path = "Top controls";
			sourceTree = "<group>";
		};
		3634F424210F50890051B7BA /* Subviews */ = {
			isa = PBXGroup;
			children = (
				36D31388210D5DF900B048DD /* Key selector */,
				36D31387210D5DEC00B048DD /* Palette */,
			);
			path = Subviews;
			sourceTree = "<group>";
		};
		36D31346210D59E500B048DD = {
			isa = PBXGroup;
			children = (
				36D31351210D59E500B048DD /* Notette */,
				36D31366210D59E700B048DD /* NotetteTests */,
				36D31371210D59E700B048DD /* NotetteUITests */,
				36D31350210D59E500B048DD /* Products */,
				ABCD44D377341D2543770BFD /* Pods */,
				69EA0C98613122198DFE2117 /* Frameworks */,
			);
			sourceTree = "<group>";
		};
		36D31350210D59E500B048DD /* Products */ = {
			isa = PBXGroup;
			children = (
				36D3134F210D59E500B048DD /* Notette.app */,
				36D31363210D59E700B048DD /* NotetteTests.xctest */,
				36D3136E210D59E700B048DD /* NotetteUITests.xctest */,
			);
			name = Products;
			sourceTree = "<group>";
		};
		36D31351210D59E500B048DD /* Notette */ = {
			isa = PBXGroup;
			children = (
				36D31359210D59E700B048DD /* Assets.xcassets */,
				36D3135E210D59E700B048DD /* Info.plist */,
				3634F413210F46460051B7BA /* App */,
				36D31381210D5D8400B048DD /* Store */,
				36D31380210D5D7F00B048DD /* Features */,
				36D31354210D59E500B048DD /* ViewController.swift */,
				36D31356210D59E500B048DD /* Main.storyboard */,
				36D3135B210D59E700B048DD /* LaunchScreen.storyboard */,
			);
			path = Notette;
			sourceTree = "<group>";
		};
		36D31366210D59E700B048DD /* NotetteTests */ = {
			isa = PBXGroup;
			children = (
				36D31367210D59E700B048DD /* NotetteTests.swift */,
				36D31369210D59E700B048DD /* Info.plist */,
			);
			path = NotetteTests;
			sourceTree = "<group>";
		};
		36D31371210D59E700B048DD /* NotetteUITests */ = {
			isa = PBXGroup;
			children = (
				36D31372210D59E700B048DD /* NotetteUITests.swift */,
				36D31374210D59E700B048DD /* Info.plist */,
			);
			path = NotetteUITests;
			sourceTree = "<group>";
		};
		36D31380210D5D7F00B048DD /* Features */ = {
			isa = PBXGroup;
			children = (
				36D31382210D5DA100B048DD /* Main interface */,
			);
			path = Features;
			sourceTree = "<group>";
		};
		36D31381210D5D8400B048DD /* Store */ = {
			isa = PBXGroup;
			children = (
				36D31384210D5DD200B048DD /* AppState.swift */,
			);
			path = Store;
			sourceTree = "<group>";
		};
		36D31382210D5DA100B048DD /* Main interface */ = {
			isa = PBXGroup;
			children = (
				3634F414210F4D460051B7BA /* Components */,
				3634F408210DFA210051B7BA /* Reducers */,
				3634F407210DFA1B0051B7BA /* Actions */,
				3634F406210DFA120051B7BA /* Views */,
			);
			path = "Main interface";
			sourceTree = "<group>";
		};
		36D31387210D5DEC00B048DD /* Palette */ = {
			isa = PBXGroup;
			children = (
				3634F41C210F4EC30051B7BA /* Palette.swift */,
				3634F41F210F4EE00051B7BA /* PaletteCell.swift */,
			);
			path = Palette;
			sourceTree = "<group>";
		};
		36D31388210D5DF900B048DD /* Key selector */ = {
			isa = PBXGroup;
			children = (
				3634F415210F4D7B0051B7BA /* KeySelector.swift */,
			);
			path = "Key selector";
			sourceTree = "<group>";
		};
		36D31389210D5E0600B048DD /* Keyboard */ = {
			isa = PBXGroup;
			children = (
				3634F41A210F4EB80051B7BA /* Keyboard.swift */,
			);
			path = Keyboard;
			sourceTree = "<group>";
		};
		36D3138A210D5F5900B048DD /* Camera view */ = {
			isa = PBXGroup;
			children = (
				3634F418210F4EAD0051B7BA /* CameraView.swift */,
			);
			path = "Camera view";
			sourceTree = "<group>";
		};
		69EA0C98613122198DFE2117 /* Frameworks */ = {
			isa = PBXGroup;
			children = (
				46D118EFC2F10CC6B974A9E7 /* Pods_Notette.framework */,
				0EA9716DED40332BDD60A7FF /* Pods_NotetteTests.framework */,
				F7B342DBC6D7CBEC2EA0E2B5 /* Pods_NotetteUITests.framework */,
			);
			name = Frameworks;
			sourceTree = "<group>";
		};
		ABCD44D377341D2543770BFD /* Pods */ = {
			isa = PBXGroup;
			children = (
				19A7A36EABEF25C711A25054 /* Pods-Notette.debug.xcconfig */,
				E7445BE661947F2A8DEFBCF4 /* Pods-Notette.release.xcconfig */,
				914609571C80873D3644E812 /* Pods-NotetteTests.debug.xcconfig */,
				769D1E454E042EFD9CB35BBE /* Pods-NotetteTests.release.xcconfig */,
				FD77C19FF1D6EC65EE87DBBD /* Pods-NotetteUITests.debug.xcconfig */,
				2D69A4BC8E4380CA349BA6D7 /* Pods-NotetteUITests.release.xcconfig */,
			);
			name = Pods;
			sourceTree = "<group>";
		};
/* End PBXGroup section */

/* Begin PBXNativeTarget section */
		36D3134E210D59E500B048DD /* Notette */ = {
			isa = PBXNativeTarget;
			buildConfigurationList = 36D31377210D59E700B048DD /* Build configuration list for PBXNativeTarget "Notette" */;
			buildPhases = (
				530E5E13093D434BABEFF6C5 /* [CP] Check Pods Manifest.lock */,
				36D3134B210D59E500B048DD /* Sources */,
				36D3134C210D59E500B048DD /* Frameworks */,
				36D3134D210D59E500B048DD /* Resources */,
				0F5FA29E27E71D0F591B6218 /* [CP] Embed Pods Frameworks */,
				B890012E117EEE243B3FB6A6 /* [CP] Copy Pods Resources */,
			);
			buildRules = (
			);
			dependencies = (
			);
			name = Notette;
			productName = Notette;
			productReference = 36D3134F210D59E500B048DD /* Notette.app */;
			productType = "com.apple.product-type.application";
		};
		36D31362210D59E700B048DD /* NotetteTests */ = {
			isa = PBXNativeTarget;
			buildConfigurationList = 36D3137A210D59E700B048DD /* Build configuration list for PBXNativeTarget "NotetteTests" */;
			buildPhases = (
				CB65FDFD8FDBD8CC65F178E1 /* [CP] Check Pods Manifest.lock */,
				36D3135F210D59E700B048DD /* Sources */,
				36D31360210D59E700B048DD /* Frameworks */,
				36D31361210D59E700B048DD /* Resources */,
				7FA8C0B6548893F8EC3B9F2C /* [CP] Embed Pods Frameworks */,
				6AEEF5A4B1AD94DCE3DDA6CB /* [CP] Copy Pods Resources */,
			);
			buildRules = (
			);
			dependencies = (
				36D31365210D59E700B048DD /* PBXTargetDependency */,
			);
			name = NotetteTests;
			productName = NotetteTests;
			productReference = 36D31363210D59E700B048DD /* NotetteTests.xctest */;
			productType = "com.apple.product-type.bundle.unit-test";
		};
		36D3136D210D59E700B048DD /* NotetteUITests */ = {
			isa = PBXNativeTarget;
			buildConfigurationList = 36D3137D210D59E700B048DD /* Build configuration list for PBXNativeTarget "NotetteUITests" */;
			buildPhases = (
				2E1EDC42D8A71468D14B8C26 /* [CP] Check Pods Manifest.lock */,
				36D3136A210D59E700B048DD /* Sources */,
				36D3136B210D59E700B048DD /* Frameworks */,
				36D3136C210D59E700B048DD /* Resources */,
				74B82FB91C6D9FE1383AF4DC /* [CP] Embed Pods Frameworks */,
				4B61369EEA240E16FDFFDE15 /* [CP] Copy Pods Resources */,
			);
			buildRules = (
			);
			dependencies = (
				36D31370210D59E700B048DD /* PBXTargetDependency */,
			);
			name = NotetteUITests;
			productName = NotetteUITests;
			productReference = 36D3136E210D59E700B048DD /* NotetteUITests.xctest */;
			productType = "com.apple.product-type.bundle.ui-testing";
		};
/* End PBXNativeTarget section */

/* Begin PBXProject section */
		36D31347210D59E500B048DD /* Project object */ = {
			isa = PBXProject;
			attributes = {
				LastSwiftUpdateCheck = 0940;
				LastUpgradeCheck = 0940;
				ORGANIZATIONNAME = "Tyler Angert";
				TargetAttributes = {
					36D3134E210D59E500B048DD = {
						CreatedOnToolsVersion = 9.4.1;
					};
					36D31362210D59E700B048DD = {
						CreatedOnToolsVersion = 9.4.1;
						TestTargetID = 36D3134E210D59E500B048DD;
					};
					36D3136D210D59E700B048DD = {
						CreatedOnToolsVersion = 9.4.1;
						TestTargetID = 36D3134E210D59E500B048DD;
					};
				};
			};
			buildConfigurationList = 36D3134A210D59E500B048DD /* Build configuration list for PBXProject "Notette" */;
			compatibilityVersion = "Xcode 9.3";
			developmentRegion = en;
			hasScannedForEncodings = 0;
			knownRegions = (
				en,
				Base,
			);
			mainGroup = 36D31346210D59E500B048DD;
			productRefGroup = 36D31350210D59E500B048DD /* Products */;
			projectDirPath = "";
			projectRoot = "";
			targets = (
				36D3134E210D59E500B048DD /* Notette */,
				36D31362210D59E700B048DD /* NotetteTests */,
				36D3136D210D59E700B048DD /* NotetteUITests */,
			);
		};
/* End PBXProject section */

/* Begin PBXResourcesBuildPhase section */
		36D3134D210D59E500B048DD /* Resources */ = {
			isa = PBXResourcesBuildPhase;
			buildActionMask = 2147483647;
			files = (
				36D3135D210D59E700B048DD /* LaunchScreen.storyboard in Resources */,
				36D3135A210D59E700B048DD /* Assets.xcassets in Resources */,
				36D31358210D59E500B048DD /* Main.storyboard in Resources */,
			);
			runOnlyForDeploymentPostprocessing = 0;
		};
		36D31361210D59E700B048DD /* Resources */ = {
			isa = PBXResourcesBuildPhase;
			buildActionMask = 2147483647;
			files = (
			);
			runOnlyForDeploymentPostprocessing = 0;
		};
		36D3136C210D59E700B048DD /* Resources */ = {
			isa = PBXResourcesBuildPhase;
			buildActionMask = 2147483647;
			files = (
			);
			runOnlyForDeploymentPostprocessing = 0;
		};
/* End PBXResourcesBuildPhase section */

/* Begin PBXShellScriptBuildPhase section */
		0F5FA29E27E71D0F591B6218 /* [CP] Embed Pods Frameworks */ = {
			isa = PBXShellScriptBuildPhase;
			buildActionMask = 2147483647;
			files = (
			);
			inputPaths = (
				"${SRCROOT}/Pods/Target Support Files/Pods-Notette/Pods-Notette-frameworks.sh",
				"${BUILT_PRODUCTS_DIR}/CollectionKit/CollectionKit.framework",
				"${BUILT_PRODUCTS_DIR}/ColorThiefSwift/ColorThiefSwift.framework",
				"${BUILT_PRODUCTS_DIR}/DeepDiff/DeepDiff.framework",
				"${BUILT_PRODUCTS_DIR}/FlexLayout/FlexLayout.framework",
				"${BUILT_PRODUCTS_DIR}/Hero/Hero.framework",
				"${BUILT_PRODUCTS_DIR}/MusicTheorySwift/MusicTheorySwift.framework",
				"${BUILT_PRODUCTS_DIR}/PinLayout/PinLayout.framework",
				"${BUILT_PRODUCTS_DIR}/ReSwift/ReSwift.framework",
			);
			name = "[CP] Embed Pods Frameworks";
			outputPaths = (
				"${TARGET_BUILD_DIR}/${FRAMEWORKS_FOLDER_PATH}/CollectionKit.framework",
				"${TARGET_BUILD_DIR}/${FRAMEWORKS_FOLDER_PATH}/ColorThiefSwift.framework",
				"${TARGET_BUILD_DIR}/${FRAMEWORKS_FOLDER_PATH}/DeepDiff.framework",
				"${TARGET_BUILD_DIR}/${FRAMEWORKS_FOLDER_PATH}/FlexLayout.framework",
				"${TARGET_BUILD_DIR}/${FRAMEWORKS_FOLDER_PATH}/Hero.framework",
				"${TARGET_BUILD_DIR}/${FRAMEWORKS_FOLDER_PATH}/MusicTheorySwift.framework",
				"${TARGET_BUILD_DIR}/${FRAMEWORKS_FOLDER_PATH}/PinLayout.framework",
				"${TARGET_BUILD_DIR}/${FRAMEWORKS_FOLDER_PATH}/ReSwift.framework",
			);
			runOnlyForDeploymentPostprocessing = 0;
			shellPath = /bin/sh;
			shellScript = "\"${SRCROOT}/Pods/Target Support Files/Pods-Notette/Pods-Notette-frameworks.sh\"\n";
			showEnvVarsInLog = 0;
		};
		2E1EDC42D8A71468D14B8C26 /* [CP] Check Pods Manifest.lock */ = {
			isa = PBXShellScriptBuildPhase;
			buildActionMask = 2147483647;
			files = (
			);
			inputPaths = (
				"${PODS_PODFILE_DIR_PATH}/Podfile.lock",
				"${PODS_ROOT}/Manifest.lock",
			);
			name = "[CP] Check Pods Manifest.lock";
			outputPaths = (
				"$(DERIVED_FILE_DIR)/Pods-NotetteUITests-checkManifestLockResult.txt",
			);
			runOnlyForDeploymentPostprocessing = 0;
			shellPath = /bin/sh;
			shellScript = "diff \"${PODS_PODFILE_DIR_PATH}/Podfile.lock\" \"${PODS_ROOT}/Manifest.lock\" > /dev/null\nif [ $? != 0 ] ; then\n    # print error to STDERR\n    echo \"error: The sandbox is not in sync with the Podfile.lock. Run 'pod install' or update your CocoaPods installation.\" >&2\n    exit 1\nfi\n# This output is used by Xcode 'outputs' to avoid re-running this script phase.\necho \"SUCCESS\" > \"${SCRIPT_OUTPUT_FILE_0}\"\n";
			showEnvVarsInLog = 0;
		};
		4B61369EEA240E16FDFFDE15 /* [CP] Copy Pods Resources */ = {
			isa = PBXShellScriptBuildPhase;
			buildActionMask = 2147483647;
			files = (
			);
			inputPaths = (
			);
			name = "[CP] Copy Pods Resources";
			outputPaths = (
			);
			runOnlyForDeploymentPostprocessing = 0;
			shellPath = /bin/sh;
			shellScript = "\"${SRCROOT}/Pods/Target Support Files/Pods-NotetteUITests/Pods-NotetteUITests-resources.sh\"\n";
			showEnvVarsInLog = 0;
		};
		530E5E13093D434BABEFF6C5 /* [CP] Check Pods Manifest.lock */ = {
			isa = PBXShellScriptBuildPhase;
			buildActionMask = 2147483647;
			files = (
			);
			inputPaths = (
				"${PODS_PODFILE_DIR_PATH}/Podfile.lock",
				"${PODS_ROOT}/Manifest.lock",
			);
			name = "[CP] Check Pods Manifest.lock";
			outputPaths = (
				"$(DERIVED_FILE_DIR)/Pods-Notette-checkManifestLockResult.txt",
			);
			runOnlyForDeploymentPostprocessing = 0;
			shellPath = /bin/sh;
			shellScript = "diff \"${PODS_PODFILE_DIR_PATH}/Podfile.lock\" \"${PODS_ROOT}/Manifest.lock\" > /dev/null\nif [ $? != 0 ] ; then\n    # print error to STDERR\n    echo \"error: The sandbox is not in sync with the Podfile.lock. Run 'pod install' or update your CocoaPods installation.\" >&2\n    exit 1\nfi\n# This output is used by Xcode 'outputs' to avoid re-running this script phase.\necho \"SUCCESS\" > \"${SCRIPT_OUTPUT_FILE_0}\"\n";
			showEnvVarsInLog = 0;
		};
		6AEEF5A4B1AD94DCE3DDA6CB /* [CP] Copy Pods Resources */ = {
			isa = PBXShellScriptBuildPhase;
			buildActionMask = 2147483647;
			files = (
			);
			inputPaths = (
			);
			name = "[CP] Copy Pods Resources";
			outputPaths = (
			);
			runOnlyForDeploymentPostprocessing = 0;
			shellPath = /bin/sh;
			shellScript = "\"${SRCROOT}/Pods/Target Support Files/Pods-NotetteTests/Pods-NotetteTests-resources.sh\"\n";
			showEnvVarsInLog = 0;
		};
		74B82FB91C6D9FE1383AF4DC /* [CP] Embed Pods Frameworks */ = {
			isa = PBXShellScriptBuildPhase;
			buildActionMask = 2147483647;
			files = (
			);
			inputPaths = (
			);
			name = "[CP] Embed Pods Frameworks";
			outputPaths = (
			);
			runOnlyForDeploymentPostprocessing = 0;
			shellPath = /bin/sh;
			shellScript = "\"${SRCROOT}/Pods/Target Support Files/Pods-NotetteUITests/Pods-NotetteUITests-frameworks.sh\"\n";
			showEnvVarsInLog = 0;
		};
		7FA8C0B6548893F8EC3B9F2C /* [CP] Embed Pods Frameworks */ = {
			isa = PBXShellScriptBuildPhase;
			buildActionMask = 2147483647;
			files = (
			);
			inputPaths = (
			);
			name = "[CP] Embed Pods Frameworks";
			outputPaths = (
			);
			runOnlyForDeploymentPostprocessing = 0;
			shellPath = /bin/sh;
			shellScript = "\"${SRCROOT}/Pods/Target Support Files/Pods-NotetteTests/Pods-NotetteTests-frameworks.sh\"\n";
			showEnvVarsInLog = 0;
		};
		B890012E117EEE243B3FB6A6 /* [CP] Copy Pods Resources */ = {
			isa = PBXShellScriptBuildPhase;
			buildActionMask = 2147483647;
			files = (
			);
			inputPaths = (
			);
			name = "[CP] Copy Pods Resources";
			outputPaths = (
			);
			runOnlyForDeploymentPostprocessing = 0;
			shellPath = /bin/sh;
			shellScript = "\"${SRCROOT}/Pods/Target Support Files/Pods-Notette/Pods-Notette-resources.sh\"\n";
			showEnvVarsInLog = 0;
		};
		CB65FDFD8FDBD8CC65F178E1 /* [CP] Check Pods Manifest.lock */ = {
			isa = PBXShellScriptBuildPhase;
			buildActionMask = 2147483647;
			files = (
			);
			inputPaths = (
				"${PODS_PODFILE_DIR_PATH}/Podfile.lock",
				"${PODS_ROOT}/Manifest.lock",
			);
			name = "[CP] Check Pods Manifest.lock";
			outputPaths = (
				"$(DERIVED_FILE_DIR)/Pods-NotetteTests-checkManifestLockResult.txt",
			);
			runOnlyForDeploymentPostprocessing = 0;
			shellPath = /bin/sh;
			shellScript = "diff \"${PODS_PODFILE_DIR_PATH}/Podfile.lock\" \"${PODS_ROOT}/Manifest.lock\" > /dev/null\nif [ $? != 0 ] ; then\n    # print error to STDERR\n    echo \"error: The sandbox is not in sync with the Podfile.lock. Run 'pod install' or update your CocoaPods installation.\" >&2\n    exit 1\nfi\n# This output is used by Xcode 'outputs' to avoid re-running this script phase.\necho \"SUCCESS\" > \"${SCRIPT_OUTPUT_FILE_0}\"\n";
			showEnvVarsInLog = 0;
		};
/* End PBXShellScriptBuildPhase section */

/* Begin PBXSourcesBuildPhase section */
		36D3134B210D59E500B048DD /* Sources */ = {
			isa = PBXSourcesBuildPhase;
			buildActionMask = 2147483647;
			files = (
				36D31385210D5DD200B048DD /* AppState.swift in Sources */,
				3634F41D210F4EC30051B7BA /* Palette.swift in Sources */,
				3634F403210DF9B00051B7BA /* MainInterface_ViewController.swift in Sources */,
				3634F41B210F4EB80051B7BA /* Keyboard.swift in Sources */,
				3634F423210F50470051B7BA /* TopControls.swift in Sources */,
				36D31355210D59E500B048DD /* ViewController.swift in Sources */,
				3634F419210F4EAD0051B7BA /* CameraView.swift in Sources */,
				3634F405210DF9BC0051B7BA /* MainInterface_ViewModel.swift in Sources */,
				3634F40C210DFA4B0051B7BA /* MainInterface_Reducer.swift in Sources */,
				3634F40A210DFA3E0051B7BA /* MainInterface_Actions.swift in Sources */,
				3634F416210F4D7B0051B7BA /* KeySelector.swift in Sources */,
				36D31353210D59E500B048DD /* AppDelegate.swift in Sources */,
				3634F420210F4EE00051B7BA /* PaletteCell.swift in Sources */,
			);
			runOnlyForDeploymentPostprocessing = 0;
		};
		36D3135F210D59E700B048DD /* Sources */ = {
			isa = PBXSourcesBuildPhase;
			buildActionMask = 2147483647;
			files = (
				36D31368210D59E700B048DD /* NotetteTests.swift in Sources */,
			);
			runOnlyForDeploymentPostprocessing = 0;
		};
		36D3136A210D59E700B048DD /* Sources */ = {
			isa = PBXSourcesBuildPhase;
			buildActionMask = 2147483647;
			files = (
				36D31373210D59E700B048DD /* NotetteUITests.swift in Sources */,
			);
			runOnlyForDeploymentPostprocessing = 0;
		};
/* End PBXSourcesBuildPhase section */

/* Begin PBXTargetDependency section */
		36D31365210D59E700B048DD /* PBXTargetDependency */ = {
			isa = PBXTargetDependency;
			target = 36D3134E210D59E500B048DD /* Notette */;
			targetProxy = 36D31364210D59E700B048DD /* PBXContainerItemProxy */;
		};
		36D31370210D59E700B048DD /* PBXTargetDependency */ = {
			isa = PBXTargetDependency;
			target = 36D3134E210D59E500B048DD /* Notette */;
			targetProxy = 36D3136F210D59E700B048DD /* PBXContainerItemProxy */;
		};
/* End PBXTargetDependency section */

/* Begin PBXVariantGroup section */
		36D31356210D59E500B048DD /* Main.storyboard */ = {
			isa = PBXVariantGroup;
			children = (
				36D31357210D59E500B048DD /* Base */,
			);
			name = Main.storyboard;
			sourceTree = "<group>";
		};
		36D3135B210D59E700B048DD /* LaunchScreen.storyboard */ = {
			isa = PBXVariantGroup;
			children = (
				36D3135C210D59E700B048DD /* Base */,
			);
			name = LaunchScreen.storyboard;
			sourceTree = "<group>";
		};
/* End PBXVariantGroup section */

/* Begin XCBuildConfiguration section */
		36D31375210D59E700B048DD /* Debug */ = {
			isa = XCBuildConfiguration;
			buildSettings = {
				ALWAYS_SEARCH_USER_PATHS = NO;
				CLANG_ANALYZER_NONNULL = YES;
				CLANG_ANALYZER_NUMBER_OBJECT_CONVERSION = YES_AGGRESSIVE;
				CLANG_CXX_LANGUAGE_STANDARD = "gnu++14";
				CLANG_CXX_LIBRARY = "libc++";
				CLANG_ENABLE_MODULES = YES;
				CLANG_ENABLE_OBJC_ARC = YES;
				CLANG_ENABLE_OBJC_WEAK = YES;
				CLANG_WARN_BLOCK_CAPTURE_AUTORELEASING = YES;
				CLANG_WARN_BOOL_CONVERSION = YES;
				CLANG_WARN_COMMA = YES;
				CLANG_WARN_CONSTANT_CONVERSION = YES;
				CLANG_WARN_DEPRECATED_OBJC_IMPLEMENTATIONS = YES;
				CLANG_WARN_DIRECT_OBJC_ISA_USAGE = YES_ERROR;
				CLANG_WARN_DOCUMENTATION_COMMENTS = YES;
				CLANG_WARN_EMPTY_BODY = YES;
				CLANG_WARN_ENUM_CONVERSION = YES;
				CLANG_WARN_INFINITE_RECURSION = YES;
				CLANG_WARN_INT_CONVERSION = YES;
				CLANG_WARN_NON_LITERAL_NULL_CONVERSION = YES;
				CLANG_WARN_OBJC_IMPLICIT_RETAIN_SELF = YES;
				CLANG_WARN_OBJC_LITERAL_CONVERSION = YES;
				CLANG_WARN_OBJC_ROOT_CLASS = YES_ERROR;
				CLANG_WARN_RANGE_LOOP_ANALYSIS = YES;
				CLANG_WARN_STRICT_PROTOTYPES = YES;
				CLANG_WARN_SUSPICIOUS_MOVE = YES;
				CLANG_WARN_UNGUARDED_AVAILABILITY = YES_AGGRESSIVE;
				CLANG_WARN_UNREACHABLE_CODE = YES;
				CLANG_WARN__DUPLICATE_METHOD_MATCH = YES;
				CODE_SIGN_IDENTITY = "iPhone Developer";
				COPY_PHASE_STRIP = NO;
				DEBUG_INFORMATION_FORMAT = dwarf;
				ENABLE_STRICT_OBJC_MSGSEND = YES;
				ENABLE_TESTABILITY = YES;
				GCC_C_LANGUAGE_STANDARD = gnu11;
				GCC_DYNAMIC_NO_PIC = NO;
				GCC_NO_COMMON_BLOCKS = YES;
				GCC_OPTIMIZATION_LEVEL = 0;
				GCC_PREPROCESSOR_DEFINITIONS = (
					"DEBUG=1",
					"$(inherited)",
				);
				GCC_WARN_64_TO_32_BIT_CONVERSION = YES;
				GCC_WARN_ABOUT_RETURN_TYPE = YES_ERROR;
				GCC_WARN_UNDECLARED_SELECTOR = YES;
				GCC_WARN_UNINITIALIZED_AUTOS = YES_AGGRESSIVE;
				GCC_WARN_UNUSED_FUNCTION = YES;
				GCC_WARN_UNUSED_VARIABLE = YES;
				IPHONEOS_DEPLOYMENT_TARGET = 11.4;
				MTL_ENABLE_DEBUG_INFO = YES;
				ONLY_ACTIVE_ARCH = YES;
				SDKROOT = iphoneos;
				SWIFT_ACTIVE_COMPILATION_CONDITIONS = DEBUG;
				SWIFT_OPTIMIZATION_LEVEL = "-Onone";
			};
			name = Debug;
		};
		36D31376210D59E700B048DD /* Release */ = {
			isa = XCBuildConfiguration;
			buildSettings = {
				ALWAYS_SEARCH_USER_PATHS = NO;
				CLANG_ANALYZER_NONNULL = YES;
				CLANG_ANALYZER_NUMBER_OBJECT_CONVERSION = YES_AGGRESSIVE;
				CLANG_CXX_LANGUAGE_STANDARD = "gnu++14";
				CLANG_CXX_LIBRARY = "libc++";
				CLANG_ENABLE_MODULES = YES;
				CLANG_ENABLE_OBJC_ARC = YES;
				CLANG_ENABLE_OBJC_WEAK = YES;
				CLANG_WARN_BLOCK_CAPTURE_AUTORELEASING = YES;
				CLANG_WARN_BOOL_CONVERSION = YES;
				CLANG_WARN_COMMA = YES;
				CLANG_WARN_CONSTANT_CONVERSION = YES;
				CLANG_WARN_DEPRECATED_OBJC_IMPLEMENTATIONS = YES;
				CLANG_WARN_DIRECT_OBJC_ISA_USAGE = YES_ERROR;
				CLANG_WARN_DOCUMENTATION_COMMENTS = YES;
				CLANG_WARN_EMPTY_BODY = YES;
				CLANG_WARN_ENUM_CONVERSION = YES;
				CLANG_WARN_INFINITE_RECURSION = YES;
				CLANG_WARN_INT_CONVERSION = YES;
				CLANG_WARN_NON_LITERAL_NULL_CONVERSION = YES;
				CLANG_WARN_OBJC_IMPLICIT_RETAIN_SELF = YES;
				CLANG_WARN_OBJC_LITERAL_CONVERSION = YES;
				CLANG_WARN_OBJC_ROOT_CLASS = YES_ERROR;
				CLANG_WARN_RANGE_LOOP_ANALYSIS = YES;
				CLANG_WARN_STRICT_PROTOTYPES = YES;
				CLANG_WARN_SUSPICIOUS_MOVE = YES;
				CLANG_WARN_UNGUARDED_AVAILABILITY = YES_AGGRESSIVE;
				CLANG_WARN_UNREACHABLE_CODE = YES;
				CLANG_WARN__DUPLICATE_METHOD_MATCH = YES;
				CODE_SIGN_IDENTITY = "iPhone Developer";
				COPY_PHASE_STRIP = NO;
				DEBUG_INFORMATION_FORMAT = "dwarf-with-dsym";
				ENABLE_NS_ASSERTIONS = NO;
				ENABLE_STRICT_OBJC_MSGSEND = YES;
				GCC_C_LANGUAGE_STANDARD = gnu11;
				GCC_NO_COMMON_BLOCKS = YES;
				GCC_WARN_64_TO_32_BIT_CONVERSION = YES;
				GCC_WARN_ABOUT_RETURN_TYPE = YES_ERROR;
				GCC_WARN_UNDECLARED_SELECTOR = YES;
				GCC_WARN_UNINITIALIZED_AUTOS = YES_AGGRESSIVE;
				GCC_WARN_UNUSED_FUNCTION = YES;
				GCC_WARN_UNUSED_VARIABLE = YES;
				IPHONEOS_DEPLOYMENT_TARGET = 11.4;
				MTL_ENABLE_DEBUG_INFO = NO;
				SDKROOT = iphoneos;
				SWIFT_COMPILATION_MODE = wholemodule;
				SWIFT_OPTIMIZATION_LEVEL = "-O";
				VALIDATE_PRODUCT = YES;
			};
			name = Release;
		};
		36D31378210D59E700B048DD /* Debug */ = {
			isa = XCBuildConfiguration;
			baseConfigurationReference = 19A7A36EABEF25C711A25054 /* Pods-Notette.debug.xcconfig */;
			buildSettings = {
				ASSETCATALOG_COMPILER_APPICON_NAME = AppIcon;
				CODE_SIGN_STYLE = Automatic;
				DEVELOPMENT_TEAM = 8TWVWBQE3T;
				INFOPLIST_FILE = Notette/Info.plist;
				LD_RUNPATH_SEARCH_PATHS = (
					"$(inherited)",
					"@executable_path/Frameworks",
				);
				PRODUCT_BUNDLE_IDENTIFIER = tangert.Notette;
				PRODUCT_NAME = "$(TARGET_NAME)";
				SWIFT_VERSION = 4.0;
				TARGETED_DEVICE_FAMILY = "1,2";
			};
			name = Debug;
		};
		36D31379210D59E700B048DD /* Release */ = {
			isa = XCBuildConfiguration;
			baseConfigurationReference = E7445BE661947F2A8DEFBCF4 /* Pods-Notette.release.xcconfig */;
			buildSettings = {
				ASSETCATALOG_COMPILER_APPICON_NAME = AppIcon;
				CODE_SIGN_STYLE = Automatic;
				DEVELOPMENT_TEAM = 8TWVWBQE3T;
				INFOPLIST_FILE = Notette/Info.plist;
				LD_RUNPATH_SEARCH_PATHS = (
					"$(inherited)",
					"@executable_path/Frameworks",
				);
				PRODUCT_BUNDLE_IDENTIFIER = tangert.Notette;
				PRODUCT_NAME = "$(TARGET_NAME)";
				SWIFT_VERSION = 4.0;
				TARGETED_DEVICE_FAMILY = "1,2";
			};
			name = Release;
		};
		36D3137B210D59E700B048DD /* Debug */ = {
			isa = XCBuildConfiguration;
			baseConfigurationReference = 914609571C80873D3644E812 /* Pods-NotetteTests.debug.xcconfig */;
			buildSettings = {
				ALWAYS_EMBED_SWIFT_STANDARD_LIBRARIES = YES;
				BUNDLE_LOADER = "$(TEST_HOST)";
				CODE_SIGN_STYLE = Automatic;
				DEVELOPMENT_TEAM = 8TWVWBQE3T;
				INFOPLIST_FILE = NotetteTests/Info.plist;
				LD_RUNPATH_SEARCH_PATHS = (
					"$(inherited)",
					"@executable_path/Frameworks",
					"@loader_path/Frameworks",
				);
				PRODUCT_BUNDLE_IDENTIFIER = tangert.NotetteTests;
				PRODUCT_NAME = "$(TARGET_NAME)";
				SWIFT_VERSION = 4.0;
				TARGETED_DEVICE_FAMILY = "1,2";
				TEST_HOST = "$(BUILT_PRODUCTS_DIR)/Notette.app/Notette";
			};
			name = Debug;
		};
		36D3137C210D59E700B048DD /* Release */ = {
			isa = XCBuildConfiguration;
			baseConfigurationReference = 769D1E454E042EFD9CB35BBE /* Pods-NotetteTests.release.xcconfig */;
			buildSettings = {
				ALWAYS_EMBED_SWIFT_STANDARD_LIBRARIES = YES;
				BUNDLE_LOADER = "$(TEST_HOST)";
				CODE_SIGN_STYLE = Automatic;
				DEVELOPMENT_TEAM = 8TWVWBQE3T;
				INFOPLIST_FILE = NotetteTests/Info.plist;
				LD_RUNPATH_SEARCH_PATHS = (
					"$(inherited)",
					"@executable_path/Frameworks",
					"@loader_path/Frameworks",
				);
				PRODUCT_BUNDLE_IDENTIFIER = tangert.NotetteTests;
				PRODUCT_NAME = "$(TARGET_NAME)";
				SWIFT_VERSION = 4.0;
				TARGETED_DEVICE_FAMILY = "1,2";
				TEST_HOST = "$(BUILT_PRODUCTS_DIR)/Notette.app/Notette";
			};
			name = Release;
		};
		36D3137E210D59E700B048DD /* Debug */ = {
			isa = XCBuildConfiguration;
			baseConfigurationReference = FD77C19FF1D6EC65EE87DBBD /* Pods-NotetteUITests.debug.xcconfig */;
			buildSettings = {
				ALWAYS_EMBED_SWIFT_STANDARD_LIBRARIES = YES;
				CODE_SIGN_STYLE = Automatic;
				DEVELOPMENT_TEAM = 8TWVWBQE3T;
				INFOPLIST_FILE = NotetteUITests/Info.plist;
				LD_RUNPATH_SEARCH_PATHS = (
					"$(inherited)",
					"@executable_path/Frameworks",
					"@loader_path/Frameworks",
				);
				PRODUCT_BUNDLE_IDENTIFIER = tangert.NotetteUITests;
				PRODUCT_NAME = "$(TARGET_NAME)";
				SWIFT_VERSION = 4.0;
				TARGETED_DEVICE_FAMILY = "1,2";
				TEST_TARGET_NAME = Notette;
			};
			name = Debug;
		};
		36D3137F210D59E700B048DD /* Release */ = {
			isa = XCBuildConfiguration;
			baseConfigurationReference = 2D69A4BC8E4380CA349BA6D7 /* Pods-NotetteUITests.release.xcconfig */;
			buildSettings = {
				ALWAYS_EMBED_SWIFT_STANDARD_LIBRARIES = YES;
				CODE_SIGN_STYLE = Automatic;
				DEVELOPMENT_TEAM = 8TWVWBQE3T;
				INFOPLIST_FILE = NotetteUITests/Info.plist;
				LD_RUNPATH_SEARCH_PATHS = (
					"$(inherited)",
					"@executable_path/Frameworks",
					"@loader_path/Frameworks",
				);
				PRODUCT_BUNDLE_IDENTIFIER = tangert.NotetteUITests;
				PRODUCT_NAME = "$(TARGET_NAME)";
				SWIFT_VERSION = 4.0;
				TARGETED_DEVICE_FAMILY = "1,2";
				TEST_TARGET_NAME = Notette;
			};
			name = Release;
		};
/* End XCBuildConfiguration section */

/* Begin XCConfigurationList section */
		36D3134A210D59E500B048DD /* Build configuration list for PBXProject "Notette" */ = {
			isa = XCConfigurationList;
			buildConfigurations = (
				36D31375210D59E700B048DD /* Debug */,
				36D31376210D59E700B048DD /* Release */,
			);
			defaultConfigurationIsVisible = 0;
			defaultConfigurationName = Release;
		};
		36D31377210D59E700B048DD /* Build configuration list for PBXNativeTarget "Notette" */ = {
			isa = XCConfigurationList;
			buildConfigurations = (
				36D31378210D59E700B048DD /* Debug */,
				36D31379210D59E700B048DD /* Release */,
			);
			defaultConfigurationIsVisible = 0;
			defaultConfigurationName = Release;
		};
		36D3137A210D59E700B048DD /* Build configuration list for PBXNativeTarget "NotetteTests" */ = {
			isa = XCConfigurationList;
			buildConfigurations = (
				36D3137B210D59E700B048DD /* Debug */,
				36D3137C210D59E700B048DD /* Release */,
			);
			defaultConfigurationIsVisible = 0;
			defaultConfigurationName = Release;
		};
		36D3137D210D59E700B048DD /* Build configuration list for PBXNativeTarget "NotetteUITests" */ = {
			isa = XCConfigurationList;
			buildConfigurations = (
				36D3137E210D59E700B048DD /* Debug */,
				36D3137F210D59E700B048DD /* Release */,
			);
			defaultConfigurationIsVisible = 0;
			defaultConfigurationName = Release;
		};
/* End XCConfigurationList section */
	};
	rootObject = 36D31347210D59E500B048DD /* Project object */;
}
